
Microsoft Visual Studio Solution File, Format Version 12.00
# Visual Studio 15
VisualStudioVersion = 15.0.27130.2036
MinimumVisualStudioVersion = 10.0.40219.1
Project("{FAE04EC0-301F-11D3-BF4B-00C04F79EFBC}") = "CabBook", "DifferenzXamarinDemo\CabBook.csproj", "{DCE24D3D-FF09-4859-BF55-1123A41E63B8}"
EndProject
Project("{FAE04EC0-301F-11D3-BF4B-00C04F79EFBC}") = "CabBook.iOS", "iOS\CabBook.iOS.csproj", "{FE22C148-2EC1-4AC7-B1D3-D24C85DD5169}"
EndProject
Project("{FAE04EC0-301F-11D3-BF4B-00C04F79EFBC}") = "CabBook.Droid", "Droid\CabBook.Droid.csproj", "{3A63FC68-7579-4D26-9900-1414F67D6EE4}"
EndProject
Project("{FAE04EC0-301F-11D3-BF4B-00C04F79EFBC}") = "CabBookUITests", "UITests\CabBookUITests.csproj", "{28690F33-AD3F-4551-A0AE-21C76A20D216}"
EndProject
Project("{2150E333-8FDC-42A3-9474-1A3956D46DE8}") = "Solution Items", "Solution Items", "{374EC680-C76D-45F7-BA5E-8190BF225D66}"
	ProjectSection(SolutionItems) = preProject
		FodyWeavers.xml = FodyWeavers.xml
	EndProjectSection
EndProject
Global
	GlobalSection(SolutionConfigurationPlatforms) = preSolution
		Debug|Any CPU = Debug|Any CPU
		Debug|ARM = Debug|ARM
		Debug|iPhone = Debug|iPhone
		Debug|iPhoneSimulator = Debug|iPhoneSimulator
		Debug|x64 = Debug|x64
		Debug|x86 = Debug|x86
		Release|Any CPU = Release|Any CPU
		Release|ARM = Release|ARM
		Release|iPhone = Release|iPhone
		Release|iPhoneSimulator = Release|iPhoneSimulator
		Release|x64 = Release|x64
		Release|x86 = Release|x86
	EndGlobalSection
	GlobalSection(ProjectConfigurationPlatforms) = postSolution
		{DCE24D3D-FF09-4859-BF55-1123A41E63B8}.Debug|Any CPU.ActiveCfg = Debug|Any CPU
		{DCE24D3D-FF09-4859-BF55-1123A41E63B8}.Debug|Any CPU.Build.0 = Debug|Any CPU
		{DCE24D3D-FF09-4859-BF55-1123A41E63B8}.Debug|ARM.ActiveCfg = Debug|Any CPU
		{DCE24D3D-FF09-4859-BF55-1123A41E63B8}.Debug|ARM.Build.0 = Debug|Any CPU
		{DCE24D3D-FF09-4859-BF55-1123A41E63B8}.Debug|iPhone.ActiveCfg = Debug|Any CPU
		{DCE24D3D-FF09-4859-BF55-1123A41E63B8}.Debug|iPhone.Build.0 = Debug|Any CPU
		{DCE24D3D-FF09-4859-BF55-1123A41E63B8}.Debug|iPhoneSimulator.ActiveCfg = Debug|Any CPU
		{DCE24D3D-FF09-4859-BF55-1123A41E63B8}.Debug|iPhoneSimulator.Build.0 = Debug|Any CPU
		{DCE24D3D-FF09-4859-BF55-1123A41E63B8}.Debug|x64.ActiveCfg = Debug|Any CPU
		{DCE24D3D-FF09-4859-BF55-1123A41E63B8}.Debug|x64.Build.0 = Debug|Any CPU
		{DCE24D3D-FF09-4859-BF55-1123A41E63B8}.Debug|x86.ActiveCfg = Debug|Any CPU
		{DCE24D3D-FF09-4859-BF55-1123A41E63B8}.Debug|x86.Build.0 = Debug|Any CPU
		{DCE24D3D-FF09-4859-BF55-1123A41E63B8}.Release|Any CPU.ActiveCfg = Release|Any CPU
		{DCE24D3D-FF09-4859-BF55-1123A41E63B8}.Release|Any CPU.Build.0 = Release|Any CPU
		{DCE24D3D-FF09-4859-BF55-1123A41E63B8}.Release|ARM.ActiveCfg = Release|Any CPU
		{DCE24D3D-FF09-4859-BF55-1123A41E63B8}.Release|ARM.Build.0 = Release|Any CPU
		{DCE24D3D-FF09-4859-BF55-1123A41E63B8}.Release|iPhone.ActiveCfg = Release|Any CPU
		{DCE24D3D-FF09-4859-BF55-1123A41E63B8}.Release|iPhone.Build.0 = Release|Any CPU
		{DCE24D3D-FF09-4859-BF55-1123A41E63B8}.Release|iPhoneSimulator.ActiveCfg = Release|Any CPU
		{DCE24D3D-FF09-4859-BF55-1123A41E63B8}.Release|iPhoneSimulator.Build.0 = Release|Any CPU
		{DCE24D3D-FF09-4859-BF55-1123A41E63B8}.Release|x64.ActiveCfg = Release|Any CPU
		{DCE24D3D-FF09-4859-BF55-1123A41E63B8}.Release|x64.Build.0 = Release|Any CPU
		{DCE24D3D-FF09-4859-BF55-1123A41E63B8}.Release|x86.ActiveCfg = Release|Any CPU
		{DCE24D3D-FF09-4859-BF55-1123A41E63B8}.Release|x86.Build.0 = Release|Any CPU
		{FE22C148-2EC1-4AC7-B1D3-D24C85DD5169}.Debug|Any CPU.ActiveCfg = Debug|iPhoneSimulator
		{FE22C148-2EC1-4AC7-B1D3-D24C85DD5169}.Debug|Any CPU.Build.0 = Debug|iPhoneSimulator
		{FE22C148-2EC1-4AC7-B1D3-D24C85DD5169}.Debug|ARM.ActiveCfg = Debug|iPhone
		{FE22C148-2EC1-4AC7-B1D3-D24C85DD5169}.Debug|iPhone.ActiveCfg = Debug|iPhone
		{FE22C148-2EC1-4AC7-B1D3-D24C85DD5169}.Debug|iPhone.Build.0 = Debug|iPhone
		{FE22C148-2EC1-4AC7-B1D3-D24C85DD5169}.Debug|iPhoneSimulator.ActiveCfg = Debug|iPhoneSimulator
		{FE22C148-2EC1-4AC7-B1D3-D24C85DD5169}.Debug|iPhoneSimulator.Build.0 = Debug|iPhoneSimulator
		{FE22C148-2EC1-4AC7-B1D3-D24C85DD5169}.Debug|x64.ActiveCfg = Debug|iPhone
		{FE22C148-2EC1-4AC7-B1D3-D24C85DD5169}.Debug|x86.ActiveCfg = Debug|iPhone
		{FE22C148-2EC1-4AC7-B1D3-D24C85DD5169}.Release|Any CPU.ActiveCfg = Release|iPhone
		{FE22C148-2EC1-4AC7-B1D3-D24C85DD5169}.Release|Any CPU.Build.0 = Release|iPhone
		{FE22C148-2EC1-4AC7-B1D3-D24C85DD5169}.Release|ARM.ActiveCfg = Release|iPhoneSimulator
		{FE22C148-2EC1-4AC7-B1D3-D24C85DD5169}.Release|iPhone.ActiveCfg = Release|iPhone
		{FE22C148-2EC1-4AC7-B1D3-D24C85DD5169}.Release|iPhone.Build.0 = Release|iPhone
		{FE22C148-2EC1-4AC7-B1D3-D24C85DD5169}.Release|iPhoneSimulator.ActiveCfg = Release|iPhoneSimulator
		{FE22C148-2EC1-4AC7-B1D3-D24C85DD5169}.Release|iPhoneSimulator.Build.0 = Release|iPhoneSimulator
		{FE22C148-2EC1-4AC7-B1D3-D24C85DD5169}.Release|x64.ActiveCfg = Release|iPhoneSimulator
		{FE22C148-2EC1-4AC7-B1D3-D24C85DD5169}.Release|x86.ActiveCfg = Release|iPhoneSimulator
		{3A63FC68-7579-4D26-9900-1414F67D6EE4}.Debug|Any CPU.ActiveCfg = Debug|Any CPU
		{3A63FC68-7579-4D26-9900-1414F67D6EE4}.Debug|Any CPU.Build.0 = Debug|Any CPU
		{3A63FC68-7579-4D26-9900-1414F67D6EE4}.Debug|Any CPU.Deploy.0 = Debug|Any CPU
		{3A63FC68-7579-4D26-9900-1414F67D6EE4}.Debug|ARM.ActiveCfg = Debug|Any CPU
		{3A63FC68-7579-4D26-9900-1414F67D6EE4}.Debug|ARM.Build.0 = Debug|Any CPU
		{3A63FC68-7579-4D26-9900-1414F67D6EE4}.Debug|ARM.Deploy.0 = Debug|Any CPU
		{3A63FC68-7579-4D26-9900-1414F67D6EE4}.Debug|iPhone.ActiveCfg = Debug|Any CPU
		{3A63FC68-7579-4D26-9900-1414F67D6EE4}.Debug|iPhone.Build.0 = Debug|Any CPU
		{3A63FC68-7579-4D26-9900-1414F67D6EE4}.Debug|iPhoneSimulator.ActiveCfg = Debug|Any CPU
		{3A63FC68-7579-4D26-9900-1414F67D6EE4}.Debug|iPhoneSimulator.Build.0 = Debug|Any CPU
		{3A63FC68-7579-4D26-9900-1414F67D6EE4}.Debug|x64.ActiveCfg = Debug|Any CPU
		{3A63FC68-7579-4D26-9900-1414F67D6EE4}.Debug|x64.Build.0 = Debug|Any CPU
		{3A63FC68-7579-4D26-9900-1414F67D6EE4}.Debug|x64.Deploy.0 = Debug|Any CPU
		{3A63FC68-7579-4D26-9900-1414F67D6EE4}.Debug|x86.ActiveCfg = Debug|Any CPU
		{3A63FC68-7579-4D26-9900-1414F67D6EE4}.Debug|x86.Build.0 = Debug|Any CPU
		{3A63FC68-7579-4D26-9900-1414F67D6EE4}.Debug|x86.Deploy.0 = Debug|Any CPU
		{3A63FC68-7579-4D26-9900-1414F67D6EE4}.Release|Any CPU.ActiveCfg = Release|Any CPU
		{3A63FC68-7579-4D26-9900-1414F67D6EE4}.Release|Any CPU.Build.0 = Release|Any CPU
		{3A63FC68-7579-4D26-9900-1414F67D6EE4}.Release|ARM.ActiveCfg = Release|Any CPU
		{3A63FC68-7579-4D26-9900-1414F67D6EE4}.Release|ARM.Build.0 = Release|Any CPU
		{3A63FC68-7579-4D26-9900-1414F67D6EE4}.Release|ARM.Deploy.0 = Release|Any CPU
		{3A63FC68-7579-4D26-9900-1414F67D6EE4}.Release|iPhone.ActiveCfg = Release|Any CPU
		{3A63FC68-7579-4D26-9900-1414F67D6EE4}.Release|iPhone.Build.0 = Release|Any CPU
		{3A63FC68-7579-4D26-9900-1414F67D6EE4}.Release|iPhoneSimulator.ActiveCfg = Release|Any CPU
		{3A63FC68-7579-4D26-9900-1414F67D6EE4}.Release|iPhoneSimulator.Build.0 = Release|Any CPU
		{3A63FC68-7579-4D26-9900-1414F67D6EE4}.Release|x64.ActiveCfg = Release|Any CPU
		{3A63FC68-7579-4D26-9900-1414F67D6EE4}.Release|x64.Build.0 = Release|Any CPU
		{3A63FC68-7579-4D26-9900-1414F67D6EE4}.Release|x64.Deploy.0 = Release|Any CPU
		{3A63FC68-7579-4D26-9900-1414F67D6EE4}.Release|x86.ActiveCfg = Release|Any CPU
		{3A63FC68-7579-4D26-9900-1414F67D6EE4}.Release|x86.Build.0 = Release|Any CPU
		{3A63FC68-7579-4D26-9900-1414F67D6EE4}.Release|x86.Deploy.0 = Release|Any CPU
		{28690F33-AD3F-4551-A0AE-21C76A20D216}.Debug|Any CPU.ActiveCfg = Debug|Any CPU
		{28690F33-AD3F-4551-A0AE-21C76A20D216}.Debug|Any CPU.Build.0 = Debug|Any CPU
		{28690F33-AD3F-4551-A0AE-21C76A20D216}.Debug|ARM.ActiveCfg = Debug|Any CPU
		{28690F33-AD3F-4551-A0AE-21C76A20D216}.Debug|ARM.Build.0 = Debug|Any CPU
		{28690F33-AD3F-4551-A0AE-21C76A20D216}.Debug|iPhone.ActiveCfg = Debug|Any CPU
		{28690F33-AD3F-4551-A0AE-21C76A20D216}.Debug|iPhone.Build.0 = Debug|Any CPU
		{28690F33-AD3F-4551-A0AE-21C76A20D216}.Debug|iPhoneSimulator.ActiveCfg = Debug|Any CPU
		{28690F33-AD3F-4551-A0AE-21C76A20D216}.Debug|iPhoneSimulator.Build.0 = Debug|Any CPU
		{28690F33-AD3F-4551-A0AE-21C76A20D216}.Debug|x64.ActiveCfg = Debug|Any CPU
		{28690F33-AD3F-4551-A0AE-21C76A20D216}.Debug|x64.Build.0 = Debug|Any CPU
		{28690F33-AD3F-4551-A0AE-21C76A20D216}.Debug|x86.ActiveCfg = Debug|Any CPU
		{28690F33-AD3F-4551-A0AE-21C76A20D216}.Debug|x86.Build.0 = Debug|Any CPU
		{28690F33-AD3F-4551-A0AE-21C76A20D216}.Release|Any CPU.ActiveCfg = Release|Any CPU
		{28690F33-AD3F-4551-A0AE-21C76A20D216}.Release|Any CPU.Build.0 = Release|Any CPU
		{28690F33-AD3F-4551-A0AE-21C76A20D216}.Release|ARM.ActiveCfg = Release|Any CPU
		{28690F33-AD3F-4551-A0AE-21C76A20D216}.Release|ARM.Build.0 = Release|Any CPU
		{28690F33-AD3F-4551-A0AE-21C76A20D216}.Release|iPhone.ActiveCfg = Release|Any CPU
		{28690F33-AD3F-4551-A0AE-21C76A20D216}.Release|iPhone.Build.0 = Release|Any CPU
		{28690F33-AD3F-4551-A0AE-21C76A20D216}.Release|iPhoneSimulator.ActiveCfg = Release|Any CPU
		{28690F33-AD3F-4551-A0AE-21C76A20D216}.Release|iPhoneSimulator.Build.0 = Release|Any CPU
		{28690F33-AD3F-4551-A0AE-21C76A20D216}.Release|x64.ActiveCfg = Release|Any CPU
		{28690F33-AD3F-4551-A0AE-21C76A20D216}.Release|x64.Build.0 = Release|Any CPU
		{28690F33-AD3F-4551-A0AE-21C76A20D216}.Release|x86.ActiveCfg = Release|Any CPU
		{28690F33-AD3F-4551-A0AE-21C76A20D216}.Release|x86.Build.0 = Release|Any CPU
	EndGlobalSection
	GlobalSection(SolutionProperties) = preSolution
		HideSolutionNode = FALSE
	EndGlobalSection
	GlobalSection(ExtensibilityGlobals) = postSolution
		SolutionGuid = {B6F0E410-1DA2-4CCE-ADF2-72D8EBD82837}
	EndGlobalSection
EndGlobal
